
Microsoft Visual Studio Solution File, Format Version 12.00
# Visual Studio Version 17
VisualStudioVersion = 17.11.35327.3
MinimumVisualStudioVersion = 10.0.40219.1
Project("{8BC9CEB8-8B4A-11D0-8D11-00A0C91BC942}") = "ANN_Cuda_Project", "ANN_Cuda_Project.vcxproj", "{E1E3D283-2BD5-464B-BA66-77B460392B99}"
EndProject
Global
	GlobalSection(SolutionConfigurationPlatforms) = preSolution
		Debug|x64 = Debug|x64
		Release|x64 = Release|x64
	EndGlobalSection
	GlobalSection(ProjectConfigurationPlatforms) = postSolution
		{E1E3D283-2BD5-464B-BA66-77B460392B99}.Debug|x64.ActiveCfg = Debug|x64
		{E1E3D283-2BD5-464B-BA66-77B460392B99}.Debug|x64.Build.0 = Debug|x64
		{E1E3D283-2BD5-464B-BA66-77B460392B99}.Release|x64.ActiveCfg = Release|x64
		{E1E3D283-2BD5-464B-BA66-77B460392B99}.Release|x64.Build.0 = Release|x64
	EndGlobalSection
	GlobalSection(SolutionProperties) = preSolution
		HideSolutionNode = FALSE
	EndGlobalSection
	GlobalSection(ExtensibilityGlobals) = postSolution
		SolutionGuid = {0519B369-E903-477E-9C1C-BBA6139FCC47}
	EndGlobalSection
EndGlobal
